
Microsoft Visual Studio Solution File, Format Version 12.00
# Visual Studio Version 17
VisualStudioVersion = 17.7.34031.279
MinimumVisualStudioVersion = 10.0.40219.1
Project("{FAE04EC0-301F-11D3-BF4B-00C04F79EFBC}") = "WinFormsApp5", "WinFormsApp5.csproj", "{BD413D41-6CF2-4642-9A56-E3E52749104C}"
EndProject
Global
	GlobalSection(SolutionConfigurationPlatforms) = preSolution
		Debug|Any CPU = Debug|Any CPU
		Release|Any CPU = Release|Any CPU
	EndGlobalSection
	GlobalSection(ProjectConfigurationPlatforms) = postSolution
		{BD413D41-6CF2-4642-9A56-E3E52749104C}.Debug|Any CPU.ActiveCfg = Debug|Any CPU
		{BD413D41-6CF2-4642-9A56-E3E52749104C}.Debug|Any CPU.Build.0 = Debug|Any CPU
		{BD413D41-6CF2-4642-9A56-E3E52749104C}.Release|Any CPU.ActiveCfg = Release|Any CPU
		{BD413D41-6CF2-4642-9A56-E3E52749104C}.Release|Any CPU.Build.0 = Release|Any CPU
	EndGlobalSection
	GlobalSection(SolutionProperties) = preSolution
		HideSolutionNode = FALSE
	EndGlobalSection
	GlobalSection(ExtensibilityGlobals) = postSolution
		SolutionGuid = {14F079EE-353D-4EEB-BB6B-FB89AD9904C1}
	EndGlobalSection
EndGlobal
