
Microsoft Visual Studio Solution File, Format Version 12.00
# Visual Studio Version 17
VisualStudioVersion = 17.5.33414.496
MinimumVisualStudioVersion = 10.0.40219.1
Project("{FAE04EC0-301F-11D3-BF4B-00C04F79EFBC}") = "pr17", "pr17.csproj", "{3CFF75D4-0C20-4325-A126-FAB892D2B4F8}"
EndProject
Global
	GlobalSection(SolutionConfigurationPlatforms) = preSolution
		Debug|Any CPU = Debug|Any CPU
		Release|Any CPU = Release|Any CPU
	EndGlobalSection
	GlobalSection(ProjectConfigurationPlatforms) = postSolution
		{3CFF75D4-0C20-4325-A126-FAB892D2B4F8}.Debug|Any CPU.ActiveCfg = Debug|Any CPU
		{3CFF75D4-0C20-4325-A126-FAB892D2B4F8}.Debug|Any CPU.Build.0 = Debug|Any CPU
		{3CFF75D4-0C20-4325-A126-FAB892D2B4F8}.Release|Any CPU.ActiveCfg = Release|Any CPU
		{3CFF75D4-0C20-4325-A126-FAB892D2B4F8}.Release|Any CPU.Build.0 = Release|Any CPU
	EndGlobalSection
	GlobalSection(SolutionProperties) = preSolution
		HideSolutionNode = FALSE
	EndGlobalSection
	GlobalSection(ExtensibilityGlobals) = postSolution
		SolutionGuid = {390C09F3-9FD0-41CA-8077-44F595C15260}
	EndGlobalSection
EndGlobal
