
Microsoft Visual Studio Solution File, Format Version 12.00
# Visual Studio Version 17
VisualStudioVersion = 17.5.33414.496
MinimumVisualStudioVersion = 10.0.40219.1
Project("{FAE04EC0-301F-11D3-BF4B-00C04F79EFBC}") = "pr16", "pr16.csproj", "{ECDBA6CD-9FA9-4727-BA9A-534386AFE4F4}"
EndProject
Global
	GlobalSection(SolutionConfigurationPlatforms) = preSolution
		Debug|Any CPU = Debug|Any CPU
		Release|Any CPU = Release|Any CPU
	EndGlobalSection
	GlobalSection(ProjectConfigurationPlatforms) = postSolution
		{ECDBA6CD-9FA9-4727-BA9A-534386AFE4F4}.Debug|Any CPU.ActiveCfg = Debug|Any CPU
		{ECDBA6CD-9FA9-4727-BA9A-534386AFE4F4}.Debug|Any CPU.Build.0 = Debug|Any CPU
		{ECDBA6CD-9FA9-4727-BA9A-534386AFE4F4}.Release|Any CPU.ActiveCfg = Release|Any CPU
		{ECDBA6CD-9FA9-4727-BA9A-534386AFE4F4}.Release|Any CPU.Build.0 = Release|Any CPU
	EndGlobalSection
	GlobalSection(SolutionProperties) = preSolution
		HideSolutionNode = FALSE
	EndGlobalSection
	GlobalSection(ExtensibilityGlobals) = postSolution
		SolutionGuid = {D03A2B17-A119-4582-BD96-49732D6E0D33}
	EndGlobalSection
EndGlobal
